{
  "nodes": {
    "flake-utils": {
      "inputs": {
        "systems": "systems"
      },
      "locked": {
        "lastModified": 1701680307,
        "narHash": "sha256-kAuep2h5ajznlPMD9rnQyffWG8EM/C73lejGofXvdM8=",
        "owner": "numtide",
        "repo": "flake-utils",
        "rev": "4022d587cbbfd70fe950c1e2083a02621806a725",
        "type": "github"
      },
      "original": {
        "owner": "numtide",
        "repo": "flake-utils",
        "type": "github"
      }
    },
    "nixpkgs": {
      "locked": {
        "lastModified": 1702029940,
        "narHash": "sha256-qM3Du0perpLesh5hr87mVPZ79McMUKIWUH7EQMh2kWo=",
        "owner": "nixos",
        "repo": "nixpkgs",
        "rev": "e9ef8a102c555da4f8f417fe5cf5bd539d8a38b7",
        "type": "github"
      },
      "original": {
        "owner": "nixos",
        "ref": "nixpkgs-unstable",
        "repo": "nixpkgs",
        "type": "github"
      }
    },
    "root": {
      "inputs": {
        "flake-utils": "flake-utils",
        "nixpkgs": "nixpkgs",
        "seaweedfs": "seaweedfs"
      }
    },
    "seaweedfs": {
      "flake": false,
      "locked": {
        "lastModified": 1702145898,
        "narHash": "sha256-+IHERvfKBp1udZDd2BqRCT0QJzsxsV/+dmYzW2gE9Dw=",
        "owner": "seaweedfs",
        "repo": "seaweedfs",
        "rev": "125ad8fe63fd6cd78e35b7bcc328b2e8ffdcffb6",
        "type": "github"
      },
      "original": {
        "owner": "seaweedfs",
        "repo": "seaweedfs",
        "type": "github"
      }
    },
    "systems": {
      "locked": {
        "lastModified": 1681028828,
        "narHash": "sha256-Vy1rq5AaRuLzOxct8nz4T6wlgyUR7zLU309k9mBC768=",
        "owner": "nix-systems",
        "repo": "default",
        "rev": "da67096a3b9bf56a91d16901293e51ba5b49a27e",
        "type": "github"
      },
      "original": {
        "owner": "nix-systems",
        "repo": "default",
        "type": "github"
      }
    }
  },
  "root": "root",
  "version": 7
}
