{
  "nodes": {
    "flake-utils": {
      "inputs": {
        "systems": "systems"
      },
      "locked": {
        "lastModified": 1710146030,
        "narHash": "sha256-SZ5L6eA7HJ/nmkzGG7/ISclqe6oZdOZTNoesiInkXPQ=",
        "owner": "numtide",
        "repo": "flake-utils",
        "rev": "b1d9ab70662946ef0850d488da1c9019f3a9752a",
        "type": "github"
      },
      "original": {
        "owner": "numtide",
        "repo": "flake-utils",
        "type": "github"
      }
    },
    "nixpkgs": {
      "locked": {
        "lastModified": 1724146343,
        "narHash": "sha256-SLB5mmhHGLhb7npka7lPrIwymuOAHrsLblkWImLh2HE=",
        "owner": "nixos",
        "repo": "nixpkgs",
        "rev": "a04eac9c5aa7f82e02d6e9e0b203b6eb5704c141",
        "type": "github"
      },
      "original": {
        "owner": "nixos",
        "ref": "nixpkgs-unstable",
        "repo": "nixpkgs",
        "type": "github"
      }
    },
    "root": {
      "inputs": {
        "flake-utils": "flake-utils",
        "nixpkgs": "nixpkgs",
        "seaweedfs": "seaweedfs"
      }
    },
    "seaweedfs": {
      "flake": false,
      "locked": {
        "lastModified": 1724171975,
        "narHash": "sha256-Mu6DEuo00LjeHfMLa2pTAAF+Q5u2u47gRDMmJc6p9oY=",
        "owner": "seaweedfs",
        "repo": "seaweedfs",
        "rev": "b3696024d118fd13aff0fc5e94010ee3d17d4dc9",
        "type": "github"
      },
      "original": {
        "owner": "seaweedfs",
        "repo": "seaweedfs",
        "type": "github"
      }
    },
    "systems": {
      "locked": {
        "lastModified": 1681028828,
        "narHash": "sha256-Vy1rq5AaRuLzOxct8nz4T6wlgyUR7zLU309k9mBC768=",
        "owner": "nix-systems",
        "repo": "default",
        "rev": "da67096a3b9bf56a91d16901293e51ba5b49a27e",
        "type": "github"
      },
      "original": {
        "owner": "nix-systems",
        "repo": "default",
        "type": "github"
      }
    }
  },
  "root": "root",
  "version": 7
}
